// !$*UTF8*$!
{
	archiveVersion = 1;
	classes = {
	};
	objectVersion = 46;
	objects = {

/* Begin PBXBuildFile section */
		F17126081E46CD4800DBFED9 /* AppDelegate.swift in Sources */ = {isa = PBXBuildFile; fileRef = F17126071E46CD4800DBFED9 /* AppDelegate.swift */; };
		F171260A1E46CD4800DBFED9 /* ViewController.swift in Sources */ = {isa = PBXBuildFile; fileRef = F17126091E46CD4800DBFED9 /* ViewController.swift */; };
		F171260D1E46CD4800DBFED9 /* Main.storyboard in Resources */ = {isa = PBXBuildFile; fileRef = F171260B1E46CD4800DBFED9 /* Main.storyboard */; };
		F171260F1E46CD4800DBFED9 /* Assets.xcassets in Resources */ = {isa = PBXBuildFile; fileRef = F171260E1E46CD4800DBFED9 /* Assets.xcassets */; };
		F17126121E46CD4800DBFED9 /* LaunchScreen.storyboard in Resources */ = {isa = PBXBuildFile; fileRef = F17126101E46CD4800DBFED9 /* LaunchScreen.storyboard */; };
		F171261B1E46D96400DBFED9 /* Post.swift in Sources */ = {isa = PBXBuildFile; fileRef = F171261A1E46D96400DBFED9 /* Post.swift */; };
		F1D67CEC1E478437008BD553 /* PostCell.swift in Sources */ = {isa = PBXBuildFile; fileRef = F1D67CEB1E478437008BD553 /* PostCell.swift */; };
		F1D67CF01E479005008BD553 /* AddPostVC.swift in Sources */ = {isa = PBXBuildFile; fileRef = F1D67CEF1E479005008BD553 /* AddPostVC.swift */; };
/* End PBXBuildFile section */

/* Begin PBXFileReference section */
		F17126041E46CD4800DBFED9 /* MyHood.app */ = {isa = PBXFileReference; explicitFileType = wrapper.application; includeInIndex = 0; path = MyHood.app; sourceTree = BUILT_PRODUCTS_DIR; };
		F17126071E46CD4800DBFED9 /* AppDelegate.swift */ = {isa = PBXFileReference; lastKnownFileType = sourcecode.swift; path = AppDelegate.swift; sourceTree = "<group>"; };
		F17126091E46CD4800DBFED9 /* ViewController.swift */ = {isa = PBXFileReference; lastKnownFileType = sourcecode.swift; path = ViewController.swift; sourceTree = "<group>"; };
		F171260C1E46CD4800DBFED9 /* Base */ = {isa = PBXFileReference; lastKnownFileType = file.storyboard; name = Base; path = Base.lproj/Main.storyboard; sourceTree = "<group>"; };
		F171260E1E46CD4800DBFED9 /* Assets.xcassets */ = {isa = PBXFileReference; lastKnownFileType = folder.assetcatalog; path = Assets.xcassets; sourceTree = "<group>"; };
		F17126111E46CD4800DBFED9 /* Base */ = {isa = PBXFileReference; lastKnownFileType = file.storyboard; name = Base; path = Base.lproj/LaunchScreen.storyboard; sourceTree = "<group>"; };
		F17126131E46CD4800DBFED9 /* Info.plist */ = {isa = PBXFileReference; lastKnownFileType = text.plist.xml; path = Info.plist; sourceTree = "<group>"; };
		F171261A1E46D96400DBFED9 /* Post.swift */ = {isa = PBXFileReference; fileEncoding = 4; lastKnownFileType = sourcecode.swift; path = Post.swift; sourceTree = "<group>"; };
		F1D67CEB1E478437008BD553 /* PostCell.swift */ = {isa = PBXFileReference; fileEncoding = 4; lastKnownFileType = sourcecode.swift; path = PostCell.swift; sourceTree = "<group>"; };
		F1D67CEF1E479005008BD553 /* AddPostVC.swift */ = {isa = PBXFileReference; fileEncoding = 4; lastKnownFileType = sourcecode.swift; path = AddPostVC.swift; sourceTree = "<group>"; };
/* End PBXFileReference section */

/* Begin PBXFrameworksBuildPhase section */
		F17126011E46CD4800DBFED9 /* Frameworks */ = {
			isa = PBXFrameworksBuildPhase;
			buildActionMask = 2147483647;
			files = (
			);
			runOnlyForDeploymentPostprocessing = 0;
		};
/* End PBXFrameworksBuildPhase section */

/* Begin PBXGroup section */
		F17125FB1E46CD4800DBFED9 = {
			isa = PBXGroup;
			children = (
				F17126061E46CD4800DBFED9 /* MyHood */,
				F17126051E46CD4800DBFED9 /* Products */,
			);
			sourceTree = "<group>";
		};
		F17126051E46CD4800DBFED9 /* Products */ = {
			isa = PBXGroup;
			children = (
				F17126041E46CD4800DBFED9 /* MyHood.app */,
			);
			name = Products;
			sourceTree = "<group>";
		};
		F17126061E46CD4800DBFED9 /* MyHood */ = {
			isa = PBXGroup;
			children = (
				F17126191E46D95200DBFED9 /* Model */,
				F1D67CED1E478567008BD553 /* View */,
				F1D67CEE1E478FA2008BD553 /* Controller */,
				F17126071E46CD4800DBFED9 /* AppDelegate.swift */,
				F171260E1E46CD4800DBFED9 /* Assets.xcassets */,
				F17126131E46CD4800DBFED9 /* Info.plist */,
			);
			path = MyHood;
			sourceTree = "<group>";
		};
		F17126191E46D95200DBFED9 /* Model */ = {
			isa = PBXGroup;
			children = (
				F171261A1E46D96400DBFED9 /* Post.swift */,
			);
			name = Model;
			sourceTree = "<group>";
		};
		F1D67CED1E478567008BD553 /* View */ = {
			isa = PBXGroup;
			children = (
				F17126101E46CD4800DBFED9 /* LaunchScreen.storyboard */,
				F171260B1E46CD4800DBFED9 /* Main.storyboard */,
				F1D67CEB1E478437008BD553 /* PostCell.swift */,
			);
			name = View;
			sourceTree = "<group>";
		};
		F1D67CEE1E478FA2008BD553 /* Controller */ = {
			isa = PBXGroup;
			children = (
				F17126091E46CD4800DBFED9 /* ViewController.swift */,
				F1D67CEF1E479005008BD553 /* AddPostVC.swift */,
			);
			name = Controller;
			sourceTree = "<group>";
		};
/* End PBXGroup section */

/* Begin PBXNativeTarget section */
		F17126031E46CD4800DBFED9 /* MyHood */ = {
			isa = PBXNativeTarget;
			buildConfigurationList = F17126161E46CD4800DBFED9 /* Build configuration list for PBXNativeTarget "MyHood" */;
			buildPhases = (
				F17126001E46CD4800DBFED9 /* Sources */,
				F17126011E46CD4800DBFED9 /* Frameworks */,
				F17126021E46CD4800DBFED9 /* Resources */,
			);
			buildRules = (
			);
			dependencies = (
			);
			name = MyHood;
			productName = MyHood;
			productReference = F17126041E46CD4800DBFED9 /* MyHood.app */;
			productType = "com.apple.product-type.application";
		};
/* End PBXNativeTarget section */

/* Begin PBXProject section */
		F17125FC1E46CD4800DBFED9 /* Project object */ = {
			isa = PBXProject;
			attributes = {
				LastSwiftUpdateCheck = 0820;
				LastUpgradeCheck = 0820;
				ORGANIZATIONNAME = UNAMunam;
				TargetAttributes = {
					F17126031E46CD4800DBFED9 = {
						CreatedOnToolsVersion = 8.2.1;
						ProvisioningStyle = Automatic;
					};
				};
			};
			buildConfigurationList = F17125FF1E46CD4800DBFED9 /* Build configuration list for PBXProject "MyHood" */;
			compatibilityVersion = "Xcode 3.2";
			developmentRegion = English;
			hasScannedForEncodings = 0;
			knownRegions = (
				en,
				Base,
			);
			mainGroup = F17125FB1E46CD4800DBFED9;
			productRefGroup = F17126051E46CD4800DBFED9 /* Products */;
			projectDirPath = "";
			projectRoot = "";
			targets = (
				F17126031E46CD4800DBFED9 /* MyHood */,
			);
		};
/* End PBXProject section */

/* Begin PBXResourcesBuildPhase section */
		F17126021E46CD4800DBFED9 /* Resources */ = {
			isa = PBXResourcesBuildPhase;
			buildActionMask = 2147483647;
			files = (
				F17126121E46CD4800DBFED9 /* LaunchScreen.storyboard in Resources */,
				F171260F1E46CD4800DBFED9 /* Assets.xcassets in Resources */,
				F171260D1E46CD4800DBFED9 /* Main.storyboard in Resources */,
			);
			runOnlyForDeploymentPostprocessing = 0;
		};
/* End PBXResourcesBuildPhase section */

/* Begin PBXSourcesBuildPhase section */
		F17126001E46CD4800DBFED9 /* Sources */ = {
			isa = PBXSourcesBuildPhase;
			buildActionMask = 2147483647;
			files = (
				F171261B1E46D96400DBFED9 /* Post.swift in Sources */,
				F1D67CEC1E478437008BD553 /* PostCell.swift in Sources */,
				F1D67CF01E479005008BD553 /* AddPostVC.swift in Sources */,
				F171260A1E46CD4800DBFED9 /* ViewController.swift in Sources */,
				F17126081E46CD4800DBFED9 /* AppDelegate.swift in Sources */,
			);
			runOnlyForDeploymentPostprocessing = 0;
		};
/* End PBXSourcesBuildPhase section */

/* Begin PBXVariantGroup section */
		F171260B1E46CD4800DBFED9 /* Main.storyboard */ = {
			isa = PBXVariantGroup;
			children = (
				F171260C1E46CD4800DBFED9 /* Base */,
			);
			name = Main.storyboard;
			sourceTree = "<group>";
		};
		F17126101E46CD4800DBFED9 /* LaunchScreen.storyboard */ = {
			isa = PBXVariantGroup;
			children = (
				F17126111E46CD4800DBFED9 /* Base */,
			);
			name = LaunchScreen.storyboard;
			sourceTree = "<group>";
		};
/* End PBXVariantGroup section */

/* Begin XCBuildConfiguration section */
		F17126141E46CD4800DBFED9 /* Debug */ = {
			isa = XCBuildConfiguration;
			buildSettings = {
				ALWAYS_SEARCH_USER_PATHS = NO;
				CLANG_ANALYZER_NONNULL = YES;
				CLANG_CXX_LANGUAGE_STANDARD = "gnu++0x";
				CLANG_CXX_LIBRARY = "libc++";
				CLANG_ENABLE_MODULES = YES;
				CLANG_ENABLE_OBJC_ARC = YES;
				CLANG_WARN_BOOL_CONVERSION = YES;
				CLANG_WARN_CONSTANT_CONVERSION = YES;
				CLANG_WARN_DIRECT_OBJC_ISA_USAGE = YES_ERROR;
				CLANG_WARN_DOCUMENTATION_COMMENTS = YES;
				CLANG_WARN_EMPTY_BODY = YES;
				CLANG_WARN_ENUM_CONVERSION = YES;
				CLANG_WARN_INFINITE_RECURSION = YES;
				CLANG_WARN_INT_CONVERSION = YES;
				CLANG_WARN_OBJC_ROOT_CLASS = YES_ERROR;
				CLANG_WARN_SUSPICIOUS_MOVE = YES;
				CLANG_WARN_UNREACHABLE_CODE = YES;
				CLANG_WARN__DUPLICATE_METHOD_MATCH = YES;
				"CODE_SIGN_IDENTITY[sdk=iphoneos*]" = "iPhone Developer";
				COPY_PHASE_STRIP = NO;
				DEBUG_INFORMATION_FORMAT = dwarf;
				ENABLE_STRICT_OBJC_MSGSEND = YES;
				ENABLE_TESTABILITY = YES;
				GCC_C_LANGUAGE_STANDARD = gnu99;
				GCC_DYNAMIC_NO_PIC = NO;
				GCC_NO_COMMON_BLOCKS = YES;
				GCC_OPTIMIZATION_LEVEL = 0;
				GCC_PREPROCESSOR_DEFINITIONS = (
					"DEBUG=1",
					"$(inherited)",
				);
				GCC_WARN_64_TO_32_BIT_CONVERSION = YES;
				GCC_WARN_ABOUT_RETURN_TYPE = YES_ERROR;
				GCC_WARN_UNDECLARED_SELECTOR = YES;
				GCC_WARN_UNINITIALIZED_AUTOS = YES_AGGRESSIVE;
				GCC_WARN_UNUSED_FUNCTION = YES;
				GCC_WARN_UNUSED_VARIABLE = YES;
				IPHONEOS_DEPLOYMENT_TARGET = 10.2;
				MTL_ENABLE_DEBUG_INFO = YES;
				ONLY_ACTIVE_ARCH = YES;
				SDKROOT = iphoneos;
				SWIFT_ACTIVE_COMPILATION_CONDITIONS = DEBUG;
				SWIFT_OPTIMIZATION_LEVEL = "-Onone";
				TARGETED_DEVICE_FAMILY = "1,2";
			};
			name = Debug;
		};
		F17126151E46CD4800DBFED9 /* Release */ = {
			isa = XCBuildConfiguration;
			buildSettings = {
				ALWAYS_SEARCH_USER_PATHS = NO;
				CLANG_ANALYZER_NONNULL = YES;
				CLANG_CXX_LANGUAGE_STANDARD = "gnu++0x";
				CLANG_CXX_LIBRARY = "libc++";
				CLANG_ENABLE_MODULES = YES;
				CLANG_ENABLE_OBJC_ARC = YES;
				CLANG_WARN_BOOL_CONVERSION = YES;
				CLANG_WARN_CONSTANT_CONVERSION = YES;
				CLANG_WARN_DIRECT_OBJC_ISA_USAGE = YES_ERROR;
				CLANG_WARN_DOCUMENTATION_COMMENTS = YES;
				CLANG_WARN_EMPTY_BODY = YES;
				CLANG_WARN_ENUM_CONVERSION = YES;
				CLANG_WARN_INFINITE_RECURSION = YES;
				CLANG_WARN_INT_CONVERSION = YES;
				CLANG_WARN_OBJC_ROOT_CLASS = YES_ERROR;
				CLANG_WARN_SUSPICIOUS_MOVE = YES;
				CLANG_WARN_UNREACHABLE_CODE = YES;
				CLANG_WARN__DUPLICATE_METHOD_MATCH = YES;
				"CODE_SIGN_IDENTITY[sdk=iphoneos*]" = "iPhone Developer";
				COPY_PHASE_STRIP = NO;
				DEBUG_INFORMATION_FORMAT = "dwarf-with-dsym";
				ENABLE_NS_ASSERTIONS = NO;
				ENABLE_STRICT_OBJC_MSGSEND = YES;
				GCC_C_LANGUAGE_STANDARD = gnu99;
				GCC_NO_COMMON_BLOCKS = YES;
				GCC_WARN_64_TO_32_BIT_CONVERSION = YES;
				GCC_WARN_ABOUT_RETURN_TYPE = YES_ERROR;
				GCC_WARN_UNDECLARED_SELECTOR = YES;
				GCC_WARN_UNINITIALIZED_AUTOS = YES_AGGRESSIVE;
				GCC_WARN_UNUSED_FUNCTION = YES;
				GCC_WARN_UNUSED_VARIABLE = YES;
				IPHONEOS_DEPLOYMENT_TARGET = 10.2;
				MTL_ENABLE_DEBUG_INFO = NO;
				SDKROOT = iphoneos;
				SWIFT_OPTIMIZATION_LEVEL = "-Owholemodule";
				TARGETED_DEVICE_FAMILY = "1,2";
				VALIDATE_PRODUCT = YES;
			};
			name = Release;
		};
		F17126171E46CD4800DBFED9 /* Debug */ = {
			isa = XCBuildConfiguration;
			buildSettings = {
				ASSETCATALOG_COMPILER_APPICON_NAME = AppIcon;
				INFOPLIST_FILE = MyHood/Info.plist;
				LD_RUNPATH_SEARCH_PATHS = "$(inherited) @executable_path/Frameworks";
				PRODUCT_BUNDLE_IDENTIFIER = com.UNAM.MyHood;
				PRODUCT_NAME = "$(TARGET_NAME)";
				SWIFT_VERSION = 3.0;
			};
			name = Debug;
		};
		F17126181E46CD4800DBFED9 /* Release */ = {
			isa = XCBuildConfiguration;
			buildSettings = {
				ASSETCATALOG_COMPILER_APPICON_NAME = AppIcon;
				INFOPLIST_FILE = MyHood/Info.plist;
				LD_RUNPATH_SEARCH_PATHS = "$(inherited) @executable_path/Frameworks";
				PRODUCT_BUNDLE_IDENTIFIER = com.UNAM.MyHood;
				PRODUCT_NAME = "$(TARGET_NAME)";
				SWIFT_VERSION = 3.0;
			};
			name = Release;
		};
/* End XCBuildConfiguration section */

/* Begin XCConfigurationList section */
		F17125FF1E46CD4800DBFED9 /* Build configuration list for PBXProject "MyHood" */ = {
			isa = XCConfigurationList;
			buildConfigurations = (
				F17126141E46CD4800DBFED9 /* Debug */,
				F17126151E46CD4800DBFED9 /* Release */,
			);
			defaultConfigurationIsVisible = 0;
			defaultConfigurationName = Release;
		};
		F17126161E46CD4800DBFED9 /* Build configuration list for PBXNativeTarget "MyHood" */ = {
			isa = XCConfigurationList;
			buildConfigurations = (
				F17126171E46CD4800DBFED9 /* Debug */,
				F17126181E46CD4800DBFED9 /* Release */,
			);
			defaultConfigurationIsVisible = 0;
			defaultConfigurationName = Release;
		};
/* End XCConfigurationList section */
	};
	rootObject = F17125FC1E46CD4800DBFED9 /* Project object */;
}
